# THIS IS AN AUTOGENERATED FILE. DO NOT EDIT THIS FILE DIRECTLY.
# yarn lockfile v1


"JUCE@https://github.com/szk2s/JUCE":
  version "0.0.0"
  resolved "https://github.com/szk2s/JUCE#654406ac85b5d3d57f619bd9efc862b102a9eb70"

"emsdk@https://github.com/emscripten-core/emsdk.git":
  version "0.0.0"
  resolved "https://github.com/emscripten-core/emsdk.git#62c8a093f7e826227e03046337d56e70965ab99d"
